<?xml version="1.0" encoding="utf-8"?>
<Project ToolsVersion="4.0" xmlns="http://schemas.microsoft.com/developer/msbuild/2003">
  <ItemGroup>
    <Filter Include="Source Files">
      <UniqueIdentifier>{2f4d9449-3201-47a7-a61b-47468c552ea5}</UniqueIdentifier>
      <Extensions>cpp;c;cc;cxx</Extensions>
    </Filter>
    <Filter Include="Header Files">
      <UniqueIdentifier>{7cb99c35-4757-43e8-b5b6-ac8dedfba96d}</UniqueIdentifier>
      <Extensions>h;hpp;hxx</Extensions>
    </Filter>
  </ItemGroup>
  <ItemGroup>
    <ClInclude Include="src\app\DiagnosticReportActions.h">
      <Filter>Header Files</Filter>
    </ClInclude>
    <ClInclude Include="src\camera\CameraControlStatusFormatter.h">
      <Filter>Header Files</Filter>
    </ClInclude>
    <ClInclude Include="src\camera\CameraDevice.h">
      <Filter>Header Files</Filter>
    </ClInclude>
    <ClInclude Include="src\camera\CameraDeviceListFormatter.h">
      <Filter>Header Files</Filter>
    </ClInclude>
    <ClInclude Include="src\camera\CameraTelemetryFormatter.h">
      <Filter>Header Files</Filter>
    </ClInclude>
    <ClInclude Include="src\camera\FrameBuffer.h">
      <Filter>Header Files</Filter>
    </ClInclude>
    <ClInclude Include="src\camera\ICameraDriver.h">
      <Filter>Header Files</Filter>
    </ClInclude>
    <ClInclude Include="src\camera\MUCamCameraDriver.h">
      <Filter>Header Files</Filter>
    </ClInclude>
    <ClInclude Include="src\domain\CalibrationProfile.h">
      <Filter>Header Files</Filter>
    </ClInclude>
    <ClInclude Include="src\domain\Geometry.h">
      <Filter>Header Files</Filter>
    </ClInclude>
    <ClInclude Include="src\domain\ImageFrame.h">
      <Filter>Header Files</Filter>
    </ClInclude>
    <ClInclude Include="src\domain\Measurement.h">
      <Filter>Header Files</Filter>
    </ClInclude>
    <ClInclude Include="src\domain\MeasurementCollection.h">
      <Filter>Header Files</Filter>
    </ClInclude>
    <ClInclude Include="src\domain\MeasurementFormatter.h">
      <Filter>Header Files</Filter>
    </ClInclude>
    <ClInclude Include="src\domain\MeasurementNameFormatter.h">
      <Filter>Header Files</Filter>
    </ClInclude>
    <ClInclude Include="src\imaging\ViewTransform.h">
      <Filter>Header Files</Filter>
    </ClInclude>
    <ClInclude Include="src\imaging\PseudoColorMapper.h">
      <Filter>Header Files</Filter>
    </ClInclude>
    <ClInclude Include="src\imaging\ChannelFusionEngine.h">
      <Filter>Header Files</Filter>
    </ClInclude>
    <ClInclude Include="src\imaging\DyeLibrary.h">
      <Filter>Header Files</Filter>
    </ClInclude>
    <ClInclude Include="src\imaging\EdfProcessor.h">
      <Filter>Header Files</Filter>
    </ClInclude>
    <ClInclude Include="src\imaging\EdfStackListActions.h">
      <Filter>Header Files</Filter>
    </ClInclude>
    <ClInclude Include="src\imaging\Fluorescence.h">
      <Filter>Header Files</Filter>
    </ClInclude>
    <ClInclude Include="src\imaging\FluorescenceChannelFactory.h">
      <Filter>Header Files</Filter>
    </ClInclude>
    <ClInclude Include="src\imaging\FluorescenceChannelListActions.h">
      <Filter>Header Files</Filter>
    </ClInclude>
    <ClInclude Include="src\imaging\FluorescenceChannelSettings.h">
      <Filter>Header Files</Filter>
    </ClInclude>
    <ClInclude Include="src\imaging\FluorescenceChannelUpdater.h">
      <Filter>Header Files</Filter>
    </ClInclude>
    <ClInclude Include="src\imaging\FluorescenceFormatter.h">
      <Filter>Header Files</Filter>
    </ClInclude>
    <ClInclude Include="src\imaging\ImageRegistration.h">
      <Filter>Header Files</Filter>
    </ClInclude>
    <ClInclude Include="src\imaging\ImageStitcher.h">
      <Filter>Header Files</Filter>
    </ClInclude>
    <ClInclude Include="src\imaging\ImageViewport.h">
      <Filter>Header Files</Filter>
    </ClInclude>
    <ClInclude Include="src\imaging\OverlayRenderer.h">
      <Filter>Header Files</Filter>
    </ClInclude>
    <ClInclude Include="src\imaging\PreviewDisplayActions.h">
      <Filter>Header Files</Filter>
    </ClInclude>
    <ClInclude Include="src\imaging\PreviewFrameComposer.h">
      <Filter>Header Files</Filter>
    </ClInclude>
    <ClInclude Include="src\imaging\ProcessingBuildActions.h">
      <Filter>Header Files</Filter>
    </ClInclude>
    <ClInclude Include="src\imaging\ProcessingStartActions.h">
      <Filter>Header Files</Filter>
    </ClInclude>
    <ClInclude Include="src\imaging\ProcessingParameterRules.h">
      <Filter>Header Files</Filter>
    </ClInclude>
    <ClInclude Include="src\imaging\ProcessingPanelActions.h">
      <Filter>Header Files</Filter>
    </ClInclude>
    <ClInclude Include="src\imaging\ProcessingProgressActions.h">
      <Filter>Header Files</Filter>
    </ClInclude>
    <ClInclude Include="src\imaging\ProcessingWorkerActions.h">
      <Filter>Header Files</Filter>
    </ClInclude>
    <ClInclude Include="src\imaging\ProcessingProgressThrottle.h">
      <Filter>Header Files</Filter>
    </ClInclude>
    <ClInclude Include="src\imaging\ProcessingJobState.h">
      <Filter>Header Files</Filter>
    </ClInclude>
    <ClInclude Include="src\imaging\ProcessingJobExecutor.h">
      <Filter>Header Files</Filter>
    </ClInclude>
    <ClInclude Include="src\imaging\ProcessingResultActions.h">
      <Filter>Header Files</Filter>
    </ClInclude>
    <ClInclude Include="src\imaging\ProcessingResultFrames.h">
      <Filter>Header Files</Filter>
    </ClInclude>
    <ClInclude Include="src\imaging\ProcessingRetryActions.h">
      <Filter>Header Files</Filter>
    </ClInclude>
    <ClInclude Include="src\imaging\ProcessingRetryState.h">
      <Filter>Header Files</Filter>
    </ClInclude>
    <ClInclude Include="src\imaging\ProcessingStatusFormatter.h">
      <Filter>Header Files</Filter>
    </ClInclude>
    <ClInclude Include="src\ui\CameraPanelActions.h">
      <Filter>Header Files</Filter>
    </ClInclude>
    <ClInclude Include="src\imaging\StitchTileListActions.h">
      <Filter>Header Files</Filter>
    </ClInclude>
    <ClInclude Include="src\imaging\StitchTilePlacementPlanner.h">
      <Filter>Header Files</Filter>
    </ClInclude>
    <ClInclude Include="src\imaging\ViewportInteractionActions.h">
      <Filter>Header Files</Filter>
    </ClInclude>
    <ClInclude Include="src\MUCamApi.h">
      <Filter>Header Files</Filter>
    </ClInclude>
    <ClInclude Include="src\storage\DiagnosticReportBuilder.h">
      <Filter>Header Files</Filter>
    </ClInclude>
    <ClInclude Include="src\storage\ProjectDocument.h">
      <Filter>Header Files</Filter>
    </ClInclude>
    <ClInclude Include="src\storage\ProjectRepository.h">
      <Filter>Header Files</Filter>
    </ClInclude>
    <ClInclude Include="src\storage\ProjectSessionMapper.h">
      <Filter>Header Files</Filter>
    </ClInclude>
    <ClInclude Include="src\storage\ImageExporter.h">
      <Filter>Header Files</Filter>
    </ClInclude>
    <ClInclude Include="src\storage\MeasurementCsvExporter.h">
      <Filter>Header Files</Filter>
    </ClInclude>
    <ClInclude Include="src\app\ProjectSessionRestorer.h">
      <Filter>Header Files</Filter>
    </ClInclude>
    <ClInclude Include="src\app\ExportActions.h">
      <Filter>Header Files</Filter>
    </ClInclude>
    <ClInclude Include="src\app\ProjectActions.h">
      <Filter>Header Files</Filter>
    </ClInclude>
    <ClInclude Include="src\platform\TextInputParser.h">
      <Filter>Header Files</Filter>
    </ClInclude>
    <ClInclude Include="src\platform\FileDialog.h">
      <Filter>Header Files</Filter>
    </ClInclude>
    <ClInclude Include="src\ui\WindowLayout.h">
      <Filter>Header Files</Filter>
    </ClInclude>
    <ClInclude Include="src\ui\MeasurementActionApplier.h">
      <Filter>Header Files</Filter>
    </ClInclude>
    <ClInclude Include="src\ui\MeasurementDisplayActions.h">
      <Filter>Header Files</Filter>
    </ClInclude>
    <ClInclude Include="src\ui\MeasurementEditSession.h">
      <Filter>Header Files</Filter>
    </ClInclude>
    <ClInclude Include="src\ui\MeasurementInteractionState.h">
      <Filter>Header Files</Filter>
    </ClInclude>
    <ClInclude Include="src\ui\MeasurementHitTester.h">
      <Filter>Header Files</Filter>
    </ClInclude>
    <ClInclude Include="src\ui\MeasurementInteractionActions.h">
      <Filter>Header Files</Filter>
    </ClInclude>
    <ClInclude Include="src\ui\MeasurementListSelection.h">
      <Filter>Header Files</Filter>
    </ClInclude>
    <ClInclude Include="src\ui\MeasurementListActions.h">
      <Filter>Header Files</Filter>
    </ClInclude>
    <ClInclude Include="src\ui\MeasurementOverlayModelBuilder.h">
      <Filter>Header Files</Filter>
    </ClInclude>
    <ClInclude Include="src\ui\MeasurementToolAvailability.h">
      <Filter>Header Files</Filter>
    </ClInclude>
    <ClInclude Include="src\ui\MeasurementToolStartActions.h">
      <Filter>Header Files</Filter>
    </ClInclude>
    <ClInclude Include="src\ui\ProcessingBuildInputActions.h">
      <Filter>Header Files</Filter>
    </ClInclude>
    <ClInclude Include="src\ui\ProcessingQueueActions.h">
      <Filter>Header Files</Filter>
    </ClInclude>
    <ClInclude Include="src\ui\ControlIds.h">
      <Filter>Header Files</Filter>
    </ClInclude>
    <ClInclude Include="src\ui\DyeLibraryActions.h">
      <Filter>Header Files</Filter>
    </ClInclude>
    <ClInclude Include="src\ui\DyeProfileFormPresenter.h">
      <Filter>Header Files</Filter>
    </ClInclude>
    <ClInclude Include="src\ui\DyeProfileFormParser.h">
      <Filter>Header Files</Filter>
    </ClInclude>
    <ClInclude Include="src\ui\FluorescenceDisplayActions.h">
      <Filter>Header Files</Filter>
    </ClInclude>
    <ClInclude Include="src\ui\FluorescenceChannelFormPresenter.h">
      <Filter>Header Files</Filter>
    </ClInclude>
    <ClInclude Include="src\ui\WindowControlLayout.h">
      <Filter>Header Files</Filter>
    </ClInclude>
    <ClInclude Include="src\ui\WindowControlDefinitions.h">
      <Filter>Header Files</Filter>
    </ClInclude>
  </ItemGroup>
  <ItemGroup>
    <ClCompile Include="src\main.cpp">
      <Filter>Source Files</Filter>
    </ClCompile>
    <ClCompile Include="src\MUCamApi.cpp">
      <Filter>Source Files</Filter>
    </ClCompile>
    <ClCompile Include="src\app\DiagnosticReportActions.cpp">
      <Filter>Source Files</Filter>
    </ClCompile>
    <ClCompile Include="src\camera\CameraControlStatusFormatter.cpp">
      <Filter>Source Files</Filter>
    </ClCompile>
    <ClCompile Include="src\camera\CameraDeviceListFormatter.cpp">
      <Filter>Source Files</Filter>
    </ClCompile>
    <ClCompile Include="src\camera\CameraTelemetryFormatter.cpp">
      <Filter>Source Files</Filter>
    </ClCompile>
    <ClCompile Include="src\camera\FrameBuffer.cpp">
      <Filter>Source Files</Filter>
    </ClCompile>
    <ClCompile Include="src\camera\MUCamCameraDriver.cpp">
      <Filter>Source Files</Filter>
    </ClCompile>
    <ClCompile Include="src\domain\CalibrationProfile.cpp">
      <Filter>Source Files</Filter>
    </ClCompile>
    <ClCompile Include="src\domain\Measurement.cpp">
      <Filter>Source Files</Filter>
    </ClCompile>
    <ClCompile Include="src\domain\MeasurementCollection.cpp">
      <Filter>Source Files</Filter>
    </ClCompile>
    <ClCompile Include="src\domain\MeasurementFormatter.cpp">
      <Filter>Source Files</Filter>
    </ClCompile>
    <ClCompile Include="src\domain\MeasurementNameFormatter.cpp">
      <Filter>Source Files</Filter>
    </ClCompile>
    <ClCompile Include="src\imaging\ViewTransform.cpp">
      <Filter>Source Files</Filter>
    </ClCompile>
    <ClCompile Include="src\imaging\PseudoColorMapper.cpp">
      <Filter>Source Files</Filter>
    </ClCompile>
    <ClCompile Include="src\imaging\ChannelFusionEngine.cpp">
      <Filter>Source Files</Filter>
    </ClCompile>
    <ClCompile Include="src\imaging\DyeLibrary.cpp">
      <Filter>Source Files</Filter>
    </ClCompile>
    <ClCompile Include="src\imaging\FluorescenceFormatter.cpp">
      <Filter>Source Files</Filter>
    </ClCompile>
    <ClCompile Include="src\imaging\FluorescenceChannelSettings.cpp">
      <Filter>Source Files</Filter>
    </ClCompile>
    <ClCompile Include="src\imaging\FluorescenceChannelUpdater.cpp">
      <Filter>Source Files</Filter>
    </ClCompile>
    <ClCompile Include="src\imaging\EdfProcessor.cpp">
      <Filter>Source Files</Filter>
    </ClCompile>
    <ClCompile Include="src\imaging\EdfStackListActions.cpp">
      <Filter>Source Files</Filter>
    </ClCompile>
    <ClCompile Include="src\imaging\FluorescenceChannelFactory.cpp">
      <Filter>Source Files</Filter>
    </ClCompile>
    <ClCompile Include="src\imaging\FluorescenceChannelListActions.cpp">
      <Filter>Source Files</Filter>
    </ClCompile>
    <ClCompile Include="src\imaging\ImageRegistration.cpp">
      <Filter>Source Files</Filter>
    </ClCompile>
    <ClCompile Include="src\imaging\ImageStitcher.cpp">
      <Filter>Source Files</Filter>
    </ClCompile>
    <ClCompile Include="src\imaging\ImageViewport.cpp">
      <Filter>Source Files</Filter>
    </ClCompile>
    <ClCompile Include="src\imaging\OverlayRenderer.cpp">
      <Filter>Source Files</Filter>
    </ClCompile>
    <ClCompile Include="src\imaging\PreviewDisplayActions.cpp">
      <Filter>Source Files</Filter>
    </ClCompile>
    <ClCompile Include="src\imaging\PreviewFrameComposer.cpp">
      <Filter>Source Files</Filter>
    </ClCompile>
    <ClCompile Include="src\imaging\ProcessingBuildActions.cpp">
      <Filter>Source Files</Filter>
    </ClCompile>
    <ClCompile Include="src\imaging\ProcessingStartActions.cpp">
      <Filter>Source Files</Filter>
    </ClCompile>
    <ClCompile Include="src\imaging\ProcessingParameterRules.cpp">
      <Filter>Source Files</Filter>
    </ClCompile>
    <ClCompile Include="src\imaging\ProcessingPanelActions.cpp">
      <Filter>Source Files</Filter>
    </ClCompile>
    <ClCompile Include="src\imaging\ProcessingProgressActions.cpp">
      <Filter>Source Files</Filter>
    </ClCompile>
    <ClCompile Include="src\imaging\ProcessingWorkerActions.cpp">
      <Filter>Source Files</Filter>
    </ClCompile>
    <ClCompile Include="src\imaging\ProcessingProgressThrottle.cpp">
      <Filter>Source Files</Filter>
    </ClCompile>
    <ClCompile Include="src\imaging\ProcessingJobState.cpp">
      <Filter>Source Files</Filter>
    </ClCompile>
    <ClCompile Include="src\imaging\ProcessingJobExecutor.cpp">
      <Filter>Source Files</Filter>
    </ClCompile>
    <ClCompile Include="src\imaging\ProcessingResultActions.cpp">
      <Filter>Source Files</Filter>
    </ClCompile>
    <ClCompile Include="src\imaging\ProcessingResultFrames.cpp">
      <Filter>Source Files</Filter>
    </ClCompile>
    <ClCompile Include="src\imaging\ProcessingRetryActions.cpp">
      <Filter>Source Files</Filter>
    </ClCompile>
    <ClCompile Include="src\imaging\ProcessingRetryState.cpp">
      <Filter>Source Files</Filter>
    </ClCompile>
    <ClCompile Include="src\imaging\ProcessingStatusFormatter.cpp">
      <Filter>Source Files</Filter>
    </ClCompile>
    <ClCompile Include="src\ui\CameraPanelActions.cpp">
      <Filter>Source Files</Filter>
    </ClCompile>
    <ClCompile Include="src\imaging\StitchTileListActions.cpp">
      <Filter>Source Files</Filter>
    </ClCompile>
    <ClCompile Include="src\imaging\StitchTilePlacementPlanner.cpp">
      <Filter>Source Files</Filter>
    </ClCompile>
    <ClCompile Include="src\imaging\ViewportInteractionActions.cpp">
      <Filter>Source Files</Filter>
    </ClCompile>
    <ClCompile Include="src\storage\DiagnosticReportBuilder.cpp">
      <Filter>Source Files</Filter>
    </ClCompile>
    <ClCompile Include="src\storage\ProjectRepository.cpp">
      <Filter>Source Files</Filter>
    </ClCompile>
    <ClCompile Include="src\storage\ImageExporter.cpp">
      <Filter>Source Files</Filter>
    </ClCompile>
    <ClCompile Include="src\storage\MeasurementCsvExporter.cpp">
      <Filter>Source Files</Filter>
    </ClCompile>
    <ClCompile Include="src\storage\ProjectSessionMapper.cpp">
      <Filter>Source Files</Filter>
    </ClCompile>
    <ClCompile Include="src\app\ProjectSessionRestorer.cpp">
      <Filter>Source Files</Filter>
    </ClCompile>
    <ClCompile Include="src\app\ExportActions.cpp">
      <Filter>Source Files</Filter>
    </ClCompile>
    <ClCompile Include="src\app\ProjectActions.cpp">
      <Filter>Source Files</Filter>
    </ClCompile>
    <ClCompile Include="src\platform\TextInputParser.cpp">
      <Filter>Source Files</Filter>
    </ClCompile>
    <ClCompile Include="src\platform\FileDialog.cpp">
      <Filter>Source Files</Filter>
    </ClCompile>
    <ClCompile Include="src\ui\DyeLibraryActions.cpp">
      <Filter>Source Files</Filter>
    </ClCompile>
    <ClCompile Include="src\ui\DyeProfileFormPresenter.cpp">
      <Filter>Source Files</Filter>
    </ClCompile>
    <ClCompile Include="src\ui\DyeProfileFormParser.cpp">
      <Filter>Source Files</Filter>
    </ClCompile>
    <ClCompile Include="src\ui\FluorescenceDisplayActions.cpp">
      <Filter>Source Files</Filter>
    </ClCompile>
    <ClCompile Include="src\ui\FluorescenceChannelFormPresenter.cpp">
      <Filter>Source Files</Filter>
    </ClCompile>
    <ClCompile Include="src\ui\WindowLayout.cpp">
      <Filter>Source Files</Filter>
    </ClCompile>
    <ClCompile Include="src\ui\MeasurementActionApplier.cpp">
      <Filter>Source Files</Filter>
    </ClCompile>
    <ClCompile Include="src\ui\MeasurementDisplayActions.cpp">
      <Filter>Source Files</Filter>
    </ClCompile>
    <ClCompile Include="src\ui\MeasurementEditSession.cpp">
      <Filter>Source Files</Filter>
    </ClCompile>
    <ClCompile Include="src\ui\MeasurementInteractionState.cpp">
      <Filter>Source Files</Filter>
    </ClCompile>
    <ClCompile Include="src\ui\MeasurementHitTester.cpp">
      <Filter>Source Files</Filter>
    </ClCompile>
    <ClCompile Include="src\ui\MeasurementInteractionActions.cpp">
      <Filter>Source Files</Filter>
    </ClCompile>
    <ClCompile Include="src\ui\MeasurementListSelection.cpp">
      <Filter>Source Files</Filter>
    </ClCompile>
    <ClCompile Include="src\ui\MeasurementListActions.cpp">
      <Filter>Source Files</Filter>
    </ClCompile>
    <ClCompile Include="src\ui\MeasurementOverlayModelBuilder.cpp">
      <Filter>Source Files</Filter>
    </ClCompile>
    <ClCompile Include="src\ui\MeasurementToolAvailability.cpp">
      <Filter>Source Files</Filter>
    </ClCompile>
    <ClCompile Include="src\ui\MeasurementToolStartActions.cpp">
      <Filter>Source Files</Filter>
    </ClCompile>
    <ClCompile Include="src\ui\ProcessingBuildInputActions.cpp">
      <Filter>Source Files</Filter>
    </ClCompile>
    <ClCompile Include="src\ui\ProcessingQueueActions.cpp">
      <Filter>Source Files</Filter>
    </ClCompile>
    <ClCompile Include="src\ui\WindowControlLayout.cpp">
      <Filter>Source Files</Filter>
    </ClCompile>
    <ClCompile Include="src\ui\WindowControlDefinitions.cpp">
      <Filter>Source Files</Filter>
    </ClCompile>
  </ItemGroup>
</Project>
